
Microsoft Visual Studio Solution File, Format Version 12.00
# Visual Studio Version 17
VisualStudioVersion = 17.5.002.0
MinimumVisualStudioVersion = 10.0.40219.1
Project("{9A19103F-16F7-4668-BE54-9A1E7A4F7556}") = "genie", "genie.csproj", "{3E91DE8D-55A6-40D6-8193-27F577A4917B}"
EndProject
Global
	GlobalSection(SolutionConfigurationPlatforms) = preSolution
		Debug|Any CPU = Debug|Any CPU
		Release|Any CPU = Release|Any CPU
	EndGlobalSection
	GlobalSection(ProjectConfigurationPlatforms) = postSolution
		{3E91DE8D-55A6-40D6-8193-27F577A4917B}.Debug|Any CPU.ActiveCfg = Debug|Any CPU
		{3E91DE8D-55A6-40D6-8193-27F577A4917B}.Debug|Any CPU.Build.0 = Debug|Any CPU
		{3E91DE8D-55A6-40D6-8193-27F577A4917B}.Release|Any CPU.ActiveCfg = Release|Any CPU
		{3E91DE8D-55A6-40D6-8193-27F577A4917B}.Release|Any CPU.Build.0 = Release|Any CPU
	EndGlobalSection
	GlobalSection(SolutionProperties) = preSolution
		HideSolutionNode = FALSE
	EndGlobalSection
	GlobalSection(ExtensibilityGlobals) = postSolution
		SolutionGuid = {C3C6F03E-E400-481A-A33C-F227D831143A}
	EndGlobalSection
EndGlobal
